
Microsoft Visual Studio Solution File, Format Version 12.00
# Visual Studio Version 17
VisualStudioVersion = 17.3.32819.101
MinimumVisualStudioVersion = 10.0.40219.1
Project("{FAE04EC0-301F-11D3-BF4B-00C04F79EFBC}") = "Introduction_Project", "Introduction_Project\Introduction_Project.csproj", "{EA1CA2C2-69C2-476F-AD8A-6540CB0DB404}"
EndProject
Global
	GlobalSection(SolutionConfigurationPlatforms) = preSolution
		Debug|Any CPU = Debug|Any CPU
		Release|Any CPU = Release|Any CPU
	EndGlobalSection
	GlobalSection(ProjectConfigurationPlatforms) = postSolution
		{EA1CA2C2-69C2-476F-AD8A-6540CB0DB404}.Debug|Any CPU.ActiveCfg = Debug|Any CPU
		{EA1CA2C2-69C2-476F-AD8A-6540CB0DB404}.Debug|Any CPU.Build.0 = Debug|Any CPU
		{EA1CA2C2-69C2-476F-AD8A-6540CB0DB404}.Release|Any CPU.ActiveCfg = Release|Any CPU
		{EA1CA2C2-69C2-476F-AD8A-6540CB0DB404}.Release|Any CPU.Build.0 = Release|Any CPU
	EndGlobalSection
	GlobalSection(SolutionProperties) = preSolution
		HideSolutionNode = FALSE
	EndGlobalSection
	GlobalSection(ExtensibilityGlobals) = postSolution
		SolutionGuid = {EA6232D1-03A5-4756-AA95-80A265660C1A}
	EndGlobalSection
EndGlobal
